
Microsoft Visual Studio Solution File, Format Version 12.00
# Visual Studio Version 17
VisualStudioVersion = 17.9.34616.47
MinimumVisualStudioVersion = 10.0.40219.1
Project("{FAE04EC0-301F-11D3-BF4B-00C04F79EFBC}") = "Graph-Implementation", "Graph-Implementation.csproj", "{E983EA1E-D409-41FF-BCE6-B1EA64396DE7}"
EndProject
Global
	GlobalSection(SolutionConfigurationPlatforms) = preSolution
		Debug|Any CPU = Debug|Any CPU
		Release|Any CPU = Release|Any CPU
	EndGlobalSection
	GlobalSection(ProjectConfigurationPlatforms) = postSolution
		{E983EA1E-D409-41FF-BCE6-B1EA64396DE7}.Debug|Any CPU.ActiveCfg = Debug|Any CPU
		{E983EA1E-D409-41FF-BCE6-B1EA64396DE7}.Debug|Any CPU.Build.0 = Debug|Any CPU
		{E983EA1E-D409-41FF-BCE6-B1EA64396DE7}.Release|Any CPU.ActiveCfg = Release|Any CPU
		{E983EA1E-D409-41FF-BCE6-B1EA64396DE7}.Release|Any CPU.Build.0 = Release|Any CPU
	EndGlobalSection
	GlobalSection(SolutionProperties) = preSolution
		HideSolutionNode = FALSE
	EndGlobalSection
	GlobalSection(ExtensibilityGlobals) = postSolution
		SolutionGuid = {878FC8C7-063D-4705-AB7A-95732DC94308}
	EndGlobalSection
EndGlobal
